// !$*UTF8*$!
{
	archiveVersion = 1;
	classes = {
	};
	objectVersion = 50;
	objects = {

/* Begin PBXBuildFile section */
		ABCA649E2662801C00E57578 /* ex14.cpp in Sources */ = {isa = PBXBuildFile; fileRef = ABCA648E2662801A00E57578 /* ex14.cpp */; };
		ABCA649F2662801C00E57578 /* ex8.cpp in Sources */ = {isa = PBXBuildFile; fileRef = ABCA648F2662801A00E57578 /* ex8.cpp */; };
		ABCA64A02662801C00E57578 /* ex2.cpp in Sources */ = {isa = PBXBuildFile; fileRef = ABCA64912662801A00E57578 /* ex2.cpp */; };
		ABCA64A12662801C00E57578 /* ex1.cpp in Sources */ = {isa = PBXBuildFile; fileRef = ABCA64922662801A00E57578 /* ex1.cpp */; };
		ABCA64A22662801C00E57578 /* ex10.cpp in Sources */ = {isa = PBXBuildFile; fileRef = ABCA64932662801A00E57578 /* ex10.cpp */; };
		ABCA64A32662801C00E57578 /* ex9.cpp in Sources */ = {isa = PBXBuildFile; fileRef = ABCA64942662801B00E57578 /* ex9.cpp */; };
		ABCA64A42662801C00E57578 /* ex12.cpp in Sources */ = {isa = PBXBuildFile; fileRef = ABCA64952662801B00E57578 /* ex12.cpp */; };
		ABCA64A52662801C00E57578 /* ex6.cpp in Sources */ = {isa = PBXBuildFile; fileRef = ABCA64962662801B00E57578 /* ex6.cpp */; };
		ABCA64A62662801C00E57578 /* ex7.cpp in Sources */ = {isa = PBXBuildFile; fileRef = ABCA64972662801B00E57578 /* ex7.cpp */; };
		ABCA64A72662801C00E57578 /* ex13.cpp in Sources */ = {isa = PBXBuildFile; fileRef = ABCA64982662801B00E57578 /* ex13.cpp */; };
		ABCA64A82662801C00E57578 /* ex5.cpp in Sources */ = {isa = PBXBuildFile; fileRef = ABCA64992662801C00E57578 /* ex5.cpp */; };
		ABCA64A92662801C00E57578 /* ex11.cpp in Sources */ = {isa = PBXBuildFile; fileRef = ABCA649A2662801C00E57578 /* ex11.cpp */; };
		ABCA64AA2662801C00E57578 /* ex4.cpp in Sources */ = {isa = PBXBuildFile; fileRef = ABCA649B2662801C00E57578 /* ex4.cpp */; };
		ABCA64AB2662801C00E57578 /* ex15.cpp in Sources */ = {isa = PBXBuildFile; fileRef = ABCA649C2662801C00E57578 /* ex15.cpp */; };
		ABCA64AC2662801C00E57578 /* ex3.cpp in Sources */ = {isa = PBXBuildFile; fileRef = ABCA649D2662801C00E57578 /* ex3.cpp */; };
/* End PBXBuildFile section */

/* Begin PBXCopyFilesBuildPhase section */
		ABCA64822662800700E57578 /* CopyFiles */ = {
			isa = PBXCopyFilesBuildPhase;
			buildActionMask = 2147483647;
			dstPath = /usr/share/man/man1/;
			dstSubfolderSpec = 0;
			files = (
			);
			runOnlyForDeploymentPostprocessing = 1;
		};
/* End PBXCopyFilesBuildPhase section */

/* Begin PBXFileReference section */
		ABCA64842662800700E57578 /* CPP-practice */ = {isa = PBXFileReference; explicitFileType = "compiled.mach-o.executable"; includeInIndex = 0; path = "CPP-practice"; sourceTree = BUILT_PRODUCTS_DIR; };
		ABCA648E2662801A00E57578 /* ex14.cpp */ = {isa = PBXFileReference; fileEncoding = 4; lastKnownFileType = sourcecode.cpp.cpp; path = ex14.cpp; sourceTree = "<group>"; };
		ABCA648F2662801A00E57578 /* ex8.cpp */ = {isa = PBXFileReference; fileEncoding = 4; lastKnownFileType = sourcecode.cpp.cpp; path = ex8.cpp; sourceTree = "<group>"; };
		ABCA64902662801A00E57578 /* include */ = {isa = PBXFileReference; lastKnownFileType = folder; path = include; sourceTree = "<group>"; };
		ABCA64912662801A00E57578 /* ex2.cpp */ = {isa = PBXFileReference; fileEncoding = 4; lastKnownFileType = sourcecode.cpp.cpp; path = ex2.cpp; sourceTree = "<group>"; };
		ABCA64922662801A00E57578 /* ex1.cpp */ = {isa = PBXFileReference; fileEncoding = 4; lastKnownFileType = sourcecode.cpp.cpp; path = ex1.cpp; sourceTree = "<group>"; };
		ABCA64932662801A00E57578 /* ex10.cpp */ = {isa = PBXFileReference; fileEncoding = 4; lastKnownFileType = sourcecode.cpp.cpp; path = ex10.cpp; sourceTree = "<group>"; };
		ABCA64942662801B00E57578 /* ex9.cpp */ = {isa = PBXFileReference; fileEncoding = 4; lastKnownFileType = sourcecode.cpp.cpp; path = ex9.cpp; sourceTree = "<group>"; };
		ABCA64952662801B00E57578 /* ex12.cpp */ = {isa = PBXFileReference; fileEncoding = 4; lastKnownFileType = sourcecode.cpp.cpp; path = ex12.cpp; sourceTree = "<group>"; };
		ABCA64962662801B00E57578 /* ex6.cpp */ = {isa = PBXFileReference; fileEncoding = 4; lastKnownFileType = sourcecode.cpp.cpp; path = ex6.cpp; sourceTree = "<group>"; };
		ABCA64972662801B00E57578 /* ex7.cpp */ = {isa = PBXFileReference; fileEncoding = 4; lastKnownFileType = sourcecode.cpp.cpp; path = ex7.cpp; sourceTree = "<group>"; };
		ABCA64982662801B00E57578 /* ex13.cpp */ = {isa = PBXFileReference; fileEncoding = 4; lastKnownFileType = sourcecode.cpp.cpp; path = ex13.cpp; sourceTree = "<group>"; };
		ABCA64992662801C00E57578 /* ex5.cpp */ = {isa = PBXFileReference; fileEncoding = 4; lastKnownFileType = sourcecode.cpp.cpp; path = ex5.cpp; sourceTree = "<group>"; };
		ABCA649A2662801C00E57578 /* ex11.cpp */ = {isa = PBXFileReference; fileEncoding = 4; lastKnownFileType = sourcecode.cpp.cpp; path = ex11.cpp; sourceTree = "<group>"; };
		ABCA649B2662801C00E57578 /* ex4.cpp */ = {isa = PBXFileReference; fileEncoding = 4; lastKnownFileType = sourcecode.cpp.cpp; path = ex4.cpp; sourceTree = "<group>"; };
		ABCA649C2662801C00E57578 /* ex15.cpp */ = {isa = PBXFileReference; fileEncoding = 4; lastKnownFileType = sourcecode.cpp.cpp; path = ex15.cpp; sourceTree = "<group>"; };
		ABCA649D2662801C00E57578 /* ex3.cpp */ = {isa = PBXFileReference; fileEncoding = 4; lastKnownFileType = sourcecode.cpp.cpp; path = ex3.cpp; sourceTree = "<group>"; };
/* End PBXFileReference section */

/* Begin PBXFrameworksBuildPhase section */
		ABCA64812662800700E57578 /* Frameworks */ = {
			isa = PBXFrameworksBuildPhase;
			buildActionMask = 2147483647;
			files = (
			);
			runOnlyForDeploymentPostprocessing = 0;
		};
/* End PBXFrameworksBuildPhase section */

/* Begin PBXGroup section */
		ABCA647B2662800700E57578 = {
			isa = PBXGroup;
			children = (
				ABCA64862662800700E57578 /* CPP-practice */,
				ABCA64852662800700E57578 /* Products */,
			);
			sourceTree = "<group>";
		};
		ABCA64852662800700E57578 /* Products */ = {
			isa = PBXGroup;
			children = (
				ABCA64842662800700E57578 /* CPP-practice */,
			);
			name = Products;
			sourceTree = "<group>";
		};
		ABCA64862662800700E57578 /* CPP-practice */ = {
			isa = PBXGroup;
			children = (
				ABCA64902662801A00E57578 /* include */,
				ABCA64922662801A00E57578 /* ex1.cpp */,
				ABCA64912662801A00E57578 /* ex2.cpp */,
				ABCA649D2662801C00E57578 /* ex3.cpp */,
				ABCA649B2662801C00E57578 /* ex4.cpp */,
				ABCA64992662801C00E57578 /* ex5.cpp */,
				ABCA64962662801B00E57578 /* ex6.cpp */,
				ABCA64972662801B00E57578 /* ex7.cpp */,
				ABCA648F2662801A00E57578 /* ex8.cpp */,
				ABCA64942662801B00E57578 /* ex9.cpp */,
				ABCA64932662801A00E57578 /* ex10.cpp */,
				ABCA649A2662801C00E57578 /* ex11.cpp */,
				ABCA64952662801B00E57578 /* ex12.cpp */,
				ABCA64982662801B00E57578 /* ex13.cpp */,
				ABCA648E2662801A00E57578 /* ex14.cpp */,
				ABCA649C2662801C00E57578 /* ex15.cpp */,
			);
			path = "CPP-practice";
			sourceTree = "<group>";
		};
/* End PBXGroup section */

/* Begin PBXNativeTarget section */
		ABCA64832662800700E57578 /* CPP-practice */ = {
			isa = PBXNativeTarget;
			buildConfigurationList = ABCA648B2662800700E57578 /* Build configuration list for PBXNativeTarget "CPP-practice" */;
			buildPhases = (
				ABCA64802662800700E57578 /* Sources */,
				ABCA64812662800700E57578 /* Frameworks */,
				ABCA64822662800700E57578 /* CopyFiles */,
			);
			buildRules = (
			);
			dependencies = (
			);
			name = "CPP-practice";
			productName = "CPP-practice";
			productReference = ABCA64842662800700E57578 /* CPP-practice */;
			productType = "com.apple.product-type.tool";
		};
/* End PBXNativeTarget section */

/* Begin PBXProject section */
		ABCA647C2662800700E57578 /* Project object */ = {
			isa = PBXProject;
			attributes = {
				LastUpgradeCheck = 1250;
				TargetAttributes = {
					ABCA64832662800700E57578 = {
						CreatedOnToolsVersion = 12.5;
					};
				};
			};
			buildConfigurationList = ABCA647F2662800700E57578 /* Build configuration list for PBXProject "CPP-practice" */;
			compatibilityVersion = "Xcode 9.3";
			developmentRegion = en;
			hasScannedForEncodings = 0;
			knownRegions = (
				en,
				Base,
			);
			mainGroup = ABCA647B2662800700E57578;
			productRefGroup = ABCA64852662800700E57578 /* Products */;
			projectDirPath = "";
			projectRoot = "";
			targets = (
				ABCA64832662800700E57578 /* CPP-practice */,
			);
		};
/* End PBXProject section */

/* Begin PBXSourcesBuildPhase section */
		ABCA64802662800700E57578 /* Sources */ = {
			isa = PBXSourcesBuildPhase;
			buildActionMask = 2147483647;
			files = (
				ABCA649F2662801C00E57578 /* ex8.cpp in Sources */,
				ABCA64AA2662801C00E57578 /* ex4.cpp in Sources */,
				ABCA64A42662801C00E57578 /* ex12.cpp in Sources */,
				ABCA64A52662801C00E57578 /* ex6.cpp in Sources */,
				ABCA64A12662801C00E57578 /* ex1.cpp in Sources */,
				ABCA64A32662801C00E57578 /* ex9.cpp in Sources */,
				ABCA64A82662801C00E57578 /* ex5.cpp in Sources */,
				ABCA64AC2662801C00E57578 /* ex3.cpp in Sources */,
				ABCA64AB2662801C00E57578 /* ex15.cpp in Sources */,
				ABCA64A62662801C00E57578 /* ex7.cpp in Sources */,
				ABCA64A92662801C00E57578 /* ex11.cpp in Sources */,
				ABCA64A72662801C00E57578 /* ex13.cpp in Sources */,
				ABCA649E2662801C00E57578 /* ex14.cpp in Sources */,
				ABCA64A02662801C00E57578 /* ex2.cpp in Sources */,
				ABCA64A22662801C00E57578 /* ex10.cpp in Sources */,
			);
			runOnlyForDeploymentPostprocessing = 0;
		};
/* End PBXSourcesBuildPhase section */

/* Begin XCBuildConfiguration section */
		ABCA64892662800700E57578 /* Debug */ = {
			isa = XCBuildConfiguration;
			buildSettings = {
				ALWAYS_SEARCH_USER_PATHS = NO;
				CLANG_ANALYZER_NONNULL = YES;
				CLANG_ANALYZER_NUMBER_OBJECT_CONVERSION = YES_AGGRESSIVE;
				CLANG_CXX_LANGUAGE_STANDARD = "gnu++14";
				CLANG_CXX_LIBRARY = "libc++";
				CLANG_ENABLE_MODULES = YES;
				CLANG_ENABLE_OBJC_ARC = YES;
				CLANG_ENABLE_OBJC_WEAK = YES;
				CLANG_WARN_BLOCK_CAPTURE_AUTORELEASING = YES;
				CLANG_WARN_BOOL_CONVERSION = YES;
				CLANG_WARN_COMMA = YES;
				CLANG_WARN_CONSTANT_CONVERSION = YES;
				CLANG_WARN_DEPRECATED_OBJC_IMPLEMENTATIONS = YES;
				CLANG_WARN_DIRECT_OBJC_ISA_USAGE = YES_ERROR;
				CLANG_WARN_DOCUMENTATION_COMMENTS = YES;
				CLANG_WARN_EMPTY_BODY = YES;
				CLANG_WARN_ENUM_CONVERSION = YES;
				CLANG_WARN_INFINITE_RECURSION = YES;
				CLANG_WARN_INT_CONVERSION = YES;
				CLANG_WARN_NON_LITERAL_NULL_CONVERSION = YES;
				CLANG_WARN_OBJC_IMPLICIT_RETAIN_SELF = YES;
				CLANG_WARN_OBJC_LITERAL_CONVERSION = YES;
				CLANG_WARN_OBJC_ROOT_CLASS = YES_ERROR;
				CLANG_WARN_QUOTED_INCLUDE_IN_FRAMEWORK_HEADER = YES;
				CLANG_WARN_RANGE_LOOP_ANALYSIS = YES;
				CLANG_WARN_STRICT_PROTOTYPES = YES;
				CLANG_WARN_SUSPICIOUS_MOVE = YES;
				CLANG_WARN_UNGUARDED_AVAILABILITY = YES_AGGRESSIVE;
				CLANG_WARN_UNREACHABLE_CODE = YES;
				CLANG_WARN__DUPLICATE_METHOD_MATCH = YES;
				COPY_PHASE_STRIP = NO;
				DEBUG_INFORMATION_FORMAT = dwarf;
				ENABLE_STRICT_OBJC_MSGSEND = YES;
				ENABLE_TESTABILITY = YES;
				GCC_C_LANGUAGE_STANDARD = gnu11;
				GCC_DYNAMIC_NO_PIC = NO;
				GCC_NO_COMMON_BLOCKS = YES;
				GCC_OPTIMIZATION_LEVEL = 0;
				GCC_PREPROCESSOR_DEFINITIONS = (
					"DEBUG=1",
					"$(inherited)",
				);
				GCC_WARN_64_TO_32_BIT_CONVERSION = YES;
				GCC_WARN_ABOUT_RETURN_TYPE = YES_ERROR;
				GCC_WARN_UNDECLARED_SELECTOR = YES;
				GCC_WARN_UNINITIALIZED_AUTOS = YES_AGGRESSIVE;
				GCC_WARN_UNUSED_FUNCTION = YES;
				GCC_WARN_UNUSED_VARIABLE = YES;
				MACOSX_DEPLOYMENT_TARGET = 11.3;
				MTL_ENABLE_DEBUG_INFO = INCLUDE_SOURCE;
				MTL_FAST_MATH = YES;
				ONLY_ACTIVE_ARCH = YES;
				SDKROOT = macosx;
			};
			name = Debug;
		};
		ABCA648A2662800700E57578 /* Release */ = {
			isa = XCBuildConfiguration;
			buildSettings = {
				ALWAYS_SEARCH_USER_PATHS = NO;
				CLANG_ANALYZER_NONNULL = YES;
				CLANG_ANALYZER_NUMBER_OBJECT_CONVERSION = YES_AGGRESSIVE;
				CLANG_CXX_LANGUAGE_STANDARD = "gnu++14";
				CLANG_CXX_LIBRARY = "libc++";
				CLANG_ENABLE_MODULES = YES;
				CLANG_ENABLE_OBJC_ARC = YES;
				CLANG_ENABLE_OBJC_WEAK = YES;
				CLANG_WARN_BLOCK_CAPTURE_AUTORELEASING = YES;
				CLANG_WARN_BOOL_CONVERSION = YES;
				CLANG_WARN_COMMA = YES;
				CLANG_WARN_CONSTANT_CONVERSION = YES;
				CLANG_WARN_DEPRECATED_OBJC_IMPLEMENTATIONS = YES;
				CLANG_WARN_DIRECT_OBJC_ISA_USAGE = YES_ERROR;
				CLANG_WARN_DOCUMENTATION_COMMENTS = YES;
				CLANG_WARN_EMPTY_BODY = YES;
				CLANG_WARN_ENUM_CONVERSION = YES;
				CLANG_WARN_INFINITE_RECURSION = YES;
				CLANG_WARN_INT_CONVERSION = YES;
				CLANG_WARN_NON_LITERAL_NULL_CONVERSION = YES;
				CLANG_WARN_OBJC_IMPLICIT_RETAIN_SELF = YES;
				CLANG_WARN_OBJC_LITERAL_CONVERSION = YES;
				CLANG_WARN_OBJC_ROOT_CLASS = YES_ERROR;
				CLANG_WARN_QUOTED_INCLUDE_IN_FRAMEWORK_HEADER = YES;
				CLANG_WARN_RANGE_LOOP_ANALYSIS = YES;
				CLANG_WARN_STRICT_PROTOTYPES = YES;
				CLANG_WARN_SUSPICIOUS_MOVE = YES;
				CLANG_WARN_UNGUARDED_AVAILABILITY = YES_AGGRESSIVE;
				CLANG_WARN_UNREACHABLE_CODE = YES;
				CLANG_WARN__DUPLICATE_METHOD_MATCH = YES;
				COPY_PHASE_STRIP = NO;
				DEBUG_INFORMATION_FORMAT = "dwarf-with-dsym";
				ENABLE_NS_ASSERTIONS = NO;
				ENABLE_STRICT_OBJC_MSGSEND = YES;
				GCC_C_LANGUAGE_STANDARD = gnu11;
				GCC_NO_COMMON_BLOCKS = YES;
				GCC_WARN_64_TO_32_BIT_CONVERSION = YES;
				GCC_WARN_ABOUT_RETURN_TYPE = YES_ERROR;
				GCC_WARN_UNDECLARED_SELECTOR = YES;
				GCC_WARN_UNINITIALIZED_AUTOS = YES_AGGRESSIVE;
				GCC_WARN_UNUSED_FUNCTION = YES;
				GCC_WARN_UNUSED_VARIABLE = YES;
				MACOSX_DEPLOYMENT_TARGET = 11.3;
				MTL_ENABLE_DEBUG_INFO = NO;
				MTL_FAST_MATH = YES;
				SDKROOT = macosx;
			};
			name = Release;
		};
		ABCA648C2662800700E57578 /* Debug */ = {
			isa = XCBuildConfiguration;
			buildSettings = {
				CODE_SIGN_STYLE = Automatic;
				DEVELOPMENT_TEAM = 242KS3V77L;
				ENABLE_HARDENED_RUNTIME = YES;
				PRODUCT_NAME = "$(TARGET_NAME)";
			};
			name = Debug;
		};
		ABCA648D2662800700E57578 /* Release */ = {
			isa = XCBuildConfiguration;
			buildSettings = {
				CODE_SIGN_STYLE = Automatic;
				DEVELOPMENT_TEAM = 242KS3V77L;
				ENABLE_HARDENED_RUNTIME = YES;
				PRODUCT_NAME = "$(TARGET_NAME)";
			};
			name = Release;
		};
/* End XCBuildConfiguration section */

/* Begin XCConfigurationList section */
		ABCA647F2662800700E57578 /* Build configuration list for PBXProject "CPP-practice" */ = {
			isa = XCConfigurationList;
			buildConfigurations = (
				ABCA64892662800700E57578 /* Debug */,
				ABCA648A2662800700E57578 /* Release */,
			);
			defaultConfigurationIsVisible = 0;
			defaultConfigurationName = Release;
		};
		ABCA648B2662800700E57578 /* Build configuration list for PBXNativeTarget "CPP-practice" */ = {
			isa = XCConfigurationList;
			buildConfigurations = (
				ABCA648C2662800700E57578 /* Debug */,
				ABCA648D2662800700E57578 /* Release */,
			);
			defaultConfigurationIsVisible = 0;
			defaultConfigurationName = Release;
		};
/* End XCConfigurationList section */
	};
	rootObject = ABCA647C2662800700E57578 /* Project object */;
}
